[root]
name = "pandt"
version = "0.1.0"
dependencies = [
 "nonempty 0.1.0",
 "odds 0.2.25 (registry+https://github.com/rust-lang/crates.io-index)",
 "serde 0.8.21 (registry+https://github.com/rust-lang/crates.io-index)",
 "serde_derive 0.8.21 (registry+https://github.com/rust-lang/crates.io-index)",
 "serde_yaml 0.5.0 (registry+https://github.com/rust-lang/crates.io-index)",
]

[[package]]
name = "dtoa"
version = "0.2.2"
source = "registry+https://github.com/rust-lang/crates.io-index"

[[package]]
name = "linked-hash-map"
version = "0.3.0"
source = "registry+https://github.com/rust-lang/crates.io-index"
dependencies = [
 "serde 0.8.21 (registry+https://github.com/rust-lang/crates.io-index)",
 "serde_test 0.8.21 (registry+https://github.com/rust-lang/crates.io-index)",
]

[[package]]
name = "nonempty"
version = "0.1.0"
dependencies = [
 "serde 0.8.21 (registry+https://github.com/rust-lang/crates.io-index)",
 "serde_derive 0.8.21 (registry+https://github.com/rust-lang/crates.io-index)",
]

[[package]]
name = "odds"
version = "0.2.25"
source = "registry+https://github.com/rust-lang/crates.io-index"

[[package]]
name = "quote"
version = "0.3.10"
source = "registry+https://github.com/rust-lang/crates.io-index"

[[package]]
name = "serde"
version = "0.8.21"
source = "registry+https://github.com/rust-lang/crates.io-index"

[[package]]
name = "serde_codegen"
version = "0.8.21"
source = "registry+https://github.com/rust-lang/crates.io-index"
dependencies = [
 "quote 0.3.10 (registry+https://github.com/rust-lang/crates.io-index)",
 "serde_codegen_internals 0.11.3 (registry+https://github.com/rust-lang/crates.io-index)",
 "syn 0.10.5 (registry+https://github.com/rust-lang/crates.io-index)",
]

[[package]]
name = "serde_codegen_internals"
version = "0.11.3"
source = "registry+https://github.com/rust-lang/crates.io-index"
dependencies = [
 "syn 0.10.5 (registry+https://github.com/rust-lang/crates.io-index)",
]

[[package]]
name = "serde_derive"
version = "0.8.21"
source = "registry+https://github.com/rust-lang/crates.io-index"
dependencies = [
 "serde_codegen 0.8.21 (registry+https://github.com/rust-lang/crates.io-index)",
]

[[package]]
name = "serde_test"
version = "0.8.21"
source = "registry+https://github.com/rust-lang/crates.io-index"
dependencies = [
 "serde 0.8.21 (registry+https://github.com/rust-lang/crates.io-index)",
]

[[package]]
name = "serde_yaml"
version = "0.5.0"
source = "registry+https://github.com/rust-lang/crates.io-index"
dependencies = [
 "dtoa 0.2.2 (registry+https://github.com/rust-lang/crates.io-index)",
 "linked-hash-map 0.3.0 (registry+https://github.com/rust-lang/crates.io-index)",
 "serde 0.8.21 (registry+https://github.com/rust-lang/crates.io-index)",
 "yaml-rust 0.3.5 (registry+https://github.com/rust-lang/crates.io-index)",
]

[[package]]
name = "syn"
version = "0.10.5"
source = "registry+https://github.com/rust-lang/crates.io-index"
dependencies = [
 "quote 0.3.10 (registry+https://github.com/rust-lang/crates.io-index)",
 "unicode-xid 0.0.3 (registry+https://github.com/rust-lang/crates.io-index)",
]

[[package]]
name = "unicode-xid"
version = "0.0.3"
source = "registry+https://github.com/rust-lang/crates.io-index"

[[package]]
name = "yaml-rust"
version = "0.3.5"
source = "registry+https://github.com/rust-lang/crates.io-index"
dependencies = [
 "linked-hash-map 0.3.0 (registry+https://github.com/rust-lang/crates.io-index)",
]

[metadata]
"checksum dtoa 0.2.2 (registry+https://github.com/rust-lang/crates.io-index)" = "0dd841b58510c9618291ffa448da2e4e0f699d984d436122372f446dae62263d"
"checksum linked-hash-map 0.3.0 (registry+https://github.com/rust-lang/crates.io-index)" = "6d262045c5b87c0861b3f004610afd0e2c851e2908d08b6c870cbb9d5f494ecd"
"checksum odds 0.2.25 (registry+https://github.com/rust-lang/crates.io-index)" = "c3df9b730298cea3a1c3faa90b7e2f9df3a9c400d0936d6015e6165734eefcba"
"checksum quote 0.3.10 (registry+https://github.com/rust-lang/crates.io-index)" = "6732e32663c9c271bfc7c1823486b471f18c47a2dbf87c066897b7b51afc83be"
"checksum serde 0.8.21 (registry+https://github.com/rust-lang/crates.io-index)" = "7b7c6bf11cf766473ea1d53eb4e3bc4e80f31f50082fc24077cf06f600279a66"
"checksum serde_codegen 0.8.21 (registry+https://github.com/rust-lang/crates.io-index)" = "64e0d87d19ec28bf431ffa9bad1f1e4ea3b381cd616c6cc56dca9eedbc7f6ab8"
"checksum serde_codegen_internals 0.11.3 (registry+https://github.com/rust-lang/crates.io-index)" = "afad7924a009f859f380e4a2e3a509a845c2ac66435fcead74a4d983b21ae806"
"checksum serde_derive 0.8.21 (registry+https://github.com/rust-lang/crates.io-index)" = "6e7ad1e74679b92730ca39c361ea125e2846df337c5d94d084eb2f7837c1843d"
"checksum serde_test 0.8.21 (registry+https://github.com/rust-lang/crates.io-index)" = "53b40ed5718aca9fd707589d361c63398672a501f81fb52faf0f9372106955ca"
"checksum serde_yaml 0.5.0 (registry+https://github.com/rust-lang/crates.io-index)" = "545e06a77016c26c2014f08d485d8845f63b6c4158acc5a6a9fff505bba30bf6"
"checksum syn 0.10.5 (registry+https://github.com/rust-lang/crates.io-index)" = "1a437f8b4353179418870f014113876cd4cd4f642e42dbc5ed4f328d5f808246"
"checksum unicode-xid 0.0.3 (registry+https://github.com/rust-lang/crates.io-index)" = "36dff09cafb4ec7c8cf0023eb0b686cb6ce65499116a12201c9e11840ca01beb"
"checksum yaml-rust 0.3.5 (registry+https://github.com/rust-lang/crates.io-index)" = "e66366e18dc58b46801afbf2ca7661a9f59cc8c5962c29892b6039b4f86fa992"
